PODS:
  - FlutterMacOS (1.0.0)
  - spotlight (0.0.1):
    - FlutterMacOS

DEPENDENCIES:
  - FlutterMacOS (from `Flutter/ephemeral`)
  - spotlight (from `Flutter/ephemeral/.symlinks/plugins/spotlight/macos`)

EXTERNAL SOURCES:
  FlutterMacOS:
    :path: Flutter/ephemeral
  spotlight:
    :path: Flutter/ephemeral/.symlinks/plugins/spotlight/macos

SPEC CHECKSUMS:
  FlutterMacOS: d0db08ddef1a9af05a5ec4b724367152bb0500b1
  spotlight: e53f1b8675db58fe96255c1b4bad6653dea515b1

PODFILE CHECKSUM: 54d867c82ac51cbd61b565781b9fada492027009

COCOAPODS: 1.16.2
