PODS:
  - FlutterMacOS (1.0.0)
  - spotlight (0.0.1):
    - FlutterMacOS

DEPENDENCIES:
  - FlutterMacOS (from `Flutter/ephemeral`)
  - spotlight (from `Flutter/ephemeral/.symlinks/plugins/spotlight/macos`)

EXTERNAL SOURCES:
  FlutterMacOS:
    :path: Flutter/ephemeral
  spotlight:
    :path: Flutter/ephemeral/.symlinks/plugins/spotlight/macos

SPEC CHECKSUMS:
  FlutterMacOS: d0db08ddef1a9af05a5ec4b724367152bb0500b1
  spotlight: 09b3d21da1f5f1f4f36b58b8bf0a289c6e3bc719

PODFILE CHECKSUM: 54d867c82ac51cbd61b565781b9fada492027009

COCOAPODS: 1.16.2
